
Microsoft Visual Studio Solution File, Format Version 12.00
# Visual Studio Express 2012 for Windows Desktop
Project("{8BC9CEB8-8B4A-11D0-8D11-00A0C91BC942}") = "HassanJasim_Assignment_3.1", "HassanJasim_Assignment_3.1\HassanJasim_Assignment_3.1.vcxproj", "{55B3FB9A-7475-4673-9C48-4B13BE09F0B0}"
EndProject
Global
	GlobalSection(SolutionConfigurationPlatforms) = preSolution
		Debug|Win32 = Debug|Win32
		Release|Win32 = Release|Win32
	EndGlobalSection
	GlobalSection(ProjectConfigurationPlatforms) = postSolution
		{55B3FB9A-7475-4673-9C48-4B13BE09F0B0}.Debug|Win32.ActiveCfg = Debug|Win32
		{55B3FB9A-7475-4673-9C48-4B13BE09F0B0}.Debug|Win32.Build.0 = Debug|Win32
		{55B3FB9A-7475-4673-9C48-4B13BE09F0B0}.Release|Win32.ActiveCfg = Release|Win32
		{55B3FB9A-7475-4673-9C48-4B13BE09F0B0}.Release|Win32.Build.0 = Release|Win32
	EndGlobalSection
	GlobalSection(SolutionProperties) = preSolution
		HideSolutionNode = FALSE
	EndGlobalSection
EndGlobal
